// !$*UTF8*$!
{
	archiveVersion = 1;
	classes = {
	};
	objectVersion = 46;
	objects = {

/* Begin PBXBuildFile section */
		818D8B841CB12AD6000C488F /* AppDelegate.swift in Sources */ = {isa = PBXBuildFile; fileRef = 818D8B831CB12AD6000C488F /* AppDelegate.swift */; };
		818D8B861CB12AD6000C488F /* ViewController.swift in Sources */ = {isa = PBXBuildFile; fileRef = 818D8B851CB12AD6000C488F /* ViewController.swift */; };
		818D8B891CB12AD6000C488F /* Main.storyboard in Resources */ = {isa = PBXBuildFile; fileRef = 818D8B871CB12AD6000C488F /* Main.storyboard */; };
		818D8B8B1CB12AD6000C488F /* Assets.xcassets in Resources */ = {isa = PBXBuildFile; fileRef = 818D8B8A1CB12AD6000C488F /* Assets.xcassets */; };
		818D8B8E1CB12AD6000C488F /* LaunchScreen.storyboard in Resources */ = {isa = PBXBuildFile; fileRef = 818D8B8C1CB12AD6000C488F /* LaunchScreen.storyboard */; };
/* End PBXBuildFile section */

/* Begin PBXFileReference section */
		818D8B801CB12AD6000C488F /* MemoApp.app */ = {isa = PBXFileReference; explicitFileType = wrapper.application; includeInIndex = 0; path = MemoApp.app; sourceTree = BUILT_PRODUCTS_DIR; };
		818D8B831CB12AD6000C488F /* AppDelegate.swift */ = {isa = PBXFileReference; lastKnownFileType = sourcecode.swift; path = AppDelegate.swift; sourceTree = "<group>"; };
		818D8B851CB12AD6000C488F /* ViewController.swift */ = {isa = PBXFileReference; lastKnownFileType = sourcecode.swift; path = ViewController.swift; sourceTree = "<group>"; };
		818D8B881CB12AD6000C488F /* Base */ = {isa = PBXFileReference; lastKnownFileType = file.storyboard; name = Base; path = Base.lproj/Main.storyboard; sourceTree = "<group>"; };
		818D8B8A1CB12AD6000C488F /* Assets.xcassets */ = {isa = PBXFileReference; lastKnownFileType = folder.assetcatalog; path = Assets.xcassets; sourceTree = "<group>"; };
		818D8B8D1CB12AD6000C488F /* Base */ = {isa = PBXFileReference; lastKnownFileType = file.storyboard; name = Base; path = Base.lproj/LaunchScreen.storyboard; sourceTree = "<group>"; };
		818D8B8F1CB12AD6000C488F /* Info.plist */ = {isa = PBXFileReference; lastKnownFileType = text.plist.xml; path = Info.plist; sourceTree = "<group>"; };
/* End PBXFileReference section */

/* Begin PBXFrameworksBuildPhase section */
		818D8B7D1CB12AD6000C488F /* Frameworks */ = {
			isa = PBXFrameworksBuildPhase;
			buildActionMask = 2147483647;
			files = (
			);
			runOnlyForDeploymentPostprocessing = 0;
		};
/* End PBXFrameworksBuildPhase section */

/* Begin PBXGroup section */
		818D8B771CB12AD6000C488F = {
			isa = PBXGroup;
			children = (
				818D8B821CB12AD6000C488F /* MemoApp */,
				818D8B811CB12AD6000C488F /* Products */,
			);
			sourceTree = "<group>";
		};
		818D8B811CB12AD6000C488F /* Products */ = {
			isa = PBXGroup;
			children = (
				818D8B801CB12AD6000C488F /* MemoApp.app */,
			);
			name = Products;
			sourceTree = "<group>";
		};
		818D8B821CB12AD6000C488F /* MemoApp */ = {
			isa = PBXGroup;
			children = (
				818D8B831CB12AD6000C488F /* AppDelegate.swift */,
				818D8B851CB12AD6000C488F /* ViewController.swift */,
				818D8B871CB12AD6000C488F /* Main.storyboard */,
				818D8B8A1CB12AD6000C488F /* Assets.xcassets */,
				818D8B8C1CB12AD6000C488F /* LaunchScreen.storyboard */,
				818D8B8F1CB12AD6000C488F /* Info.plist */,
			);
			path = MemoApp;
			sourceTree = "<group>";
		};
/* End PBXGroup section */

/* Begin PBXNativeTarget section */
		818D8B7F1CB12AD6000C488F /* MemoApp */ = {
			isa = PBXNativeTarget;
			buildConfigurationList = 818D8B921CB12AD6000C488F /* Build configuration list for PBXNativeTarget "MemoApp" */;
			buildPhases = (
				818D8B7C1CB12AD6000C488F /* Sources */,
				818D8B7D1CB12AD6000C488F /* Frameworks */,
				818D8B7E1CB12AD6000C488F /* Resources */,
			);
			buildRules = (
			);
			dependencies = (
			);
			name = MemoApp;
			productName = MemoApp;
			productReference = 818D8B801CB12AD6000C488F /* MemoApp.app */;
			productType = "com.apple.product-type.application";
		};
/* End PBXNativeTarget section */

/* Begin PBXProject section */
		818D8B781CB12AD6000C488F /* Project object */ = {
			isa = PBXProject;
			attributes = {
				LastSwiftUpdateCheck = 0730;
				LastUpgradeCheck = 0730;
				ORGANIZATIONNAME = KangJungu;
				TargetAttributes = {
					818D8B7F1CB12AD6000C488F = {
						CreatedOnToolsVersion = 7.3;
						DevelopmentTeam = 9N4MGQU6RG;
					};
				};
			};
			buildConfigurationList = 818D8B7B1CB12AD6000C488F /* Build configuration list for PBXProject "MemoApp" */;
			compatibilityVersion = "Xcode 3.2";
			developmentRegion = English;
			hasScannedForEncodings = 0;
			knownRegions = (
				en,
				Base,
			);
			mainGroup = 818D8B771CB12AD6000C488F;
			productRefGroup = 818D8B811CB12AD6000C488F /* Products */;
			projectDirPath = "";
			projectRoot = "";
			targets = (
				818D8B7F1CB12AD6000C488F /* MemoApp */,
			);
		};
/* End PBXProject section */

/* Begin PBXResourcesBuildPhase section */
		818D8B7E1CB12AD6000C488F /* Resources */ = {
			isa = PBXResourcesBuildPhase;
			buildActionMask = 2147483647;
			files = (
				818D8B8E1CB12AD6000C488F /* LaunchScreen.storyboard in Resources */,
				818D8B8B1CB12AD6000C488F /* Assets.xcassets in Resources */,
				818D8B891CB12AD6000C488F /* Main.storyboard in Resources */,
			);
			runOnlyForDeploymentPostprocessing = 0;
		};
/* End PBXResourcesBuildPhase section */

/* Begin PBXSourcesBuildPhase section */
		818D8B7C1CB12AD6000C488F /* Sources */ = {
			isa = PBXSourcesBuildPhase;
			buildActionMask = 2147483647;
			files = (
				818D8B861CB12AD6000C488F /* ViewController.swift in Sources */,
				818D8B841CB12AD6000C488F /* AppDelegate.swift in Sources */,
			);
			runOnlyForDeploymentPostprocessing = 0;
		};
/* End PBXSourcesBuildPhase section */

/* Begin PBXVariantGroup section */
		818D8B871CB12AD6000C488F /* Main.storyboard */ = {
			isa = PBXVariantGroup;
			children = (
				818D8B881CB12AD6000C488F /* Base */,
			);
			name = Main.storyboard;
			sourceTree = "<group>";
		};
		818D8B8C1CB12AD6000C488F /* LaunchScreen.storyboard */ = {
			isa = PBXVariantGroup;
			children = (
				818D8B8D1CB12AD6000C488F /* Base */,
			);
			name = LaunchScreen.storyboard;
			sourceTree = "<group>";
		};
/* End PBXVariantGroup section */

/* Begin XCBuildConfiguration section */
		818D8B901CB12AD6000C488F /* Debug */ = {
			isa = XCBuildConfiguration;
			buildSettings = {
				ALWAYS_SEARCH_USER_PATHS = NO;
				CLANG_ANALYZER_NONNULL = YES;
				CLANG_CXX_LANGUAGE_STANDARD = "gnu++0x";
				CLANG_CXX_LIBRARY = "libc++";
				CLANG_ENABLE_MODULES = YES;
				CLANG_ENABLE_OBJC_ARC = YES;
				CLANG_WARN_BOOL_CONVERSION = YES;
				CLANG_WARN_CONSTANT_CONVERSION = YES;
				CLANG_WARN_DIRECT_OBJC_ISA_USAGE = YES_ERROR;
				CLANG_WARN_EMPTY_BODY = YES;
				CLANG_WARN_ENUM_CONVERSION = YES;
				CLANG_WARN_INT_CONVERSION = YES;
				CLANG_WARN_OBJC_ROOT_CLASS = YES_ERROR;
				CLANG_WARN_UNREACHABLE_CODE = YES;
				CLANG_WARN__DUPLICATE_METHOD_MATCH = YES;
				"CODE_SIGN_IDENTITY[sdk=iphoneos*]" = "iPhone Developer";
				COPY_PHASE_STRIP = NO;
				DEBUG_INFORMATION_FORMAT = dwarf;
				ENABLE_STRICT_OBJC_MSGSEND = YES;
				ENABLE_TESTABILITY = YES;
				GCC_C_LANGUAGE_STANDARD = gnu99;
				GCC_DYNAMIC_NO_PIC = NO;
				GCC_NO_COMMON_BLOCKS = YES;
				GCC_OPTIMIZATION_LEVEL = 0;
				GCC_PREPROCESSOR_DEFINITIONS = (
					"DEBUG=1",
					"$(inherited)",
				);
				GCC_WARN_64_TO_32_BIT_CONVERSION = YES;
				GCC_WARN_ABOUT_RETURN_TYPE = YES_ERROR;
				GCC_WARN_UNDECLARED_SELECTOR = YES;
				GCC_WARN_UNINITIALIZED_AUTOS = YES_AGGRESSIVE;
				GCC_WARN_UNUSED_FUNCTION = YES;
				GCC_WARN_UNUSED_VARIABLE = YES;
				IPHONEOS_DEPLOYMENT_TARGET = 9.3;
				MTL_ENABLE_DEBUG_INFO = YES;
				ONLY_ACTIVE_ARCH = YES;
				SDKROOT = iphoneos;
				SWIFT_OPTIMIZATION_LEVEL = "-Onone";
			};
			name = Debug;
		};
		818D8B911CB12AD6000C488F /* Release */ = {
			isa = XCBuildConfiguration;
			buildSettings = {
				ALWAYS_SEARCH_USER_PATHS = NO;
				CLANG_ANALYZER_NONNULL = YES;
				CLANG_CXX_LANGUAGE_STANDARD = "gnu++0x";
				CLANG_CXX_LIBRARY = "libc++";
				CLANG_ENABLE_MODULES = YES;
				CLANG_ENABLE_OBJC_ARC = YES;
				CLANG_WARN_BOOL_CONVERSION = YES;
				CLANG_WARN_CONSTANT_CONVERSION = YES;
				CLANG_WARN_DIRECT_OBJC_ISA_USAGE = YES_ERROR;
				CLANG_WARN_EMPTY_BODY = YES;
				CLANG_WARN_ENUM_CONVERSION = YES;
				CLANG_WARN_INT_CONVERSION = YES;
				CLANG_WARN_OBJC_ROOT_CLASS = YES_ERROR;
				CLANG_WARN_UNREACHABLE_CODE = YES;
				CLANG_WARN__DUPLICATE_METHOD_MATCH = YES;
				"CODE_SIGN_IDENTITY[sdk=iphoneos*]" = "iPhone Developer";
				COPY_PHASE_STRIP = NO;
				DEBUG_INFORMATION_FORMAT = "dwarf-with-dsym";
				ENABLE_NS_ASSERTIONS = NO;
				ENABLE_STRICT_OBJC_MSGSEND = YES;
				GCC_C_LANGUAGE_STANDARD = gnu99;
				GCC_NO_COMMON_BLOCKS = YES;
				GCC_WARN_64_TO_32_BIT_CONVERSION = YES;
				GCC_WARN_ABOUT_RETURN_TYPE = YES_ERROR;
				GCC_WARN_UNDECLARED_SELECTOR = YES;
				GCC_WARN_UNINITIALIZED_AUTOS = YES_AGGRESSIVE;
				GCC_WARN_UNUSED_FUNCTION = YES;
				GCC_WARN_UNUSED_VARIABLE = YES;
				IPHONEOS_DEPLOYMENT_TARGET = 9.3;
				MTL_ENABLE_DEBUG_INFO = NO;
				SDKROOT = iphoneos;
				VALIDATE_PRODUCT = YES;
			};
			name = Release;
		};
		818D8B931CB12AD6000C488F /* Debug */ = {
			isa = XCBuildConfiguration;
			buildSettings = {
				ASSETCATALOG_COMPILER_APPICON_NAME = AppIcon;
				INFOPLIST_FILE = MemoApp/Info.plist;
				LD_RUNPATH_SEARCH_PATHS = "$(inherited) @executable_path/Frameworks";
				PRODUCT_BUNDLE_IDENTIFIER = com.JHJG.www.MemoApp;
				PRODUCT_NAME = "$(TARGET_NAME)";
			};
			name = Debug;
		};
		818D8B941CB12AD6000C488F /* Release */ = {
			isa = XCBuildConfiguration;
			buildSettings = {
				ASSETCATALOG_COMPILER_APPICON_NAME = AppIcon;
				INFOPLIST_FILE = MemoApp/Info.plist;
				LD_RUNPATH_SEARCH_PATHS = "$(inherited) @executable_path/Frameworks";
				PRODUCT_BUNDLE_IDENTIFIER = com.JHJG.www.MemoApp;
				PRODUCT_NAME = "$(TARGET_NAME)";
			};
			name = Release;
		};
/* End XCBuildConfiguration section */

/* Begin XCConfigurationList section */
		818D8B7B1CB12AD6000C488F /* Build configuration list for PBXProject "MemoApp" */ = {
			isa = XCConfigurationList;
			buildConfigurations = (
				818D8B901CB12AD6000C488F /* Debug */,
				818D8B911CB12AD6000C488F /* Release */,
			);
			defaultConfigurationIsVisible = 0;
			defaultConfigurationName = Release;
		};
		818D8B921CB12AD6000C488F /* Build configuration list for PBXNativeTarget "MemoApp" */ = {
			isa = XCConfigurationList;
			buildConfigurations = (
				818D8B931CB12AD6000C488F /* Debug */,
				818D8B941CB12AD6000C488F /* Release */,
			);
			defaultConfigurationIsVisible = 0;
		};
/* End XCConfigurationList section */
	};
	rootObject = 818D8B781CB12AD6000C488F /* Project object */;
}
